{
    "_meta": {
        "hash": {
            "sha256": "a68532ca51c7da0f40bd921d07bc908744844373329bac5d1ccdadfa83d9507c"
        },
        "pipfile-spec": 6,
        "requires": {
            "python_version": "3.9"
        },
        "sources": [
            {
                "name": "pypi",
                "url": "https://pypi.org/simple",
                "verify_ssl": true
            }
        ]
    },
    "default": {
        "asgiref": {
            "hashes": [
                "sha256:4ef1ab46b484e3c706329cedeff284a5d40824200638503f5768edb6de7d58e9",
                "sha256:ffc141aa908e6f175673e7b1b3b7af4fdb0ecb738fc5c8b88f69f055c2415214"
            ],
            "markers": "python_version >= '3.6'",
            "version": "==3.4.1"
        },
        "crispy-tailwind": {
            "hashes": [
                "sha256:0041c85b73b0a197e312ab969bd505aa1f96752a6a50324377287c2b6be3c0cb",
                "sha256:65cfcdf8dce96be37c99578e2688ed2d0067e6ff633baaf657358b3b3be052c7"
            ],
            "index": "pypi",
            "version": "==0.5.0"
        },
        "django": {
            "hashes": [
                "sha256:5c866205f15e7a7123f1eec6ab939d22d5bde1416635cab259684af66d8e48a2",
                "sha256:edb10b5c45e7e9c0fb1dc00b76ec7449aca258a39ffd613dbd078c51d19c9f03"
            ],
            "index": "pypi",
            "version": "==3.1.4"
        },
        "django-crispy-forms": {
            "hashes": [
                "sha256:4dc9e5263c91c5f51766806a050ca2ec5c349d34c5cd91fcca3a1a0363b5e29e",
                "sha256:9c49d29dd9e98dc2e6e3a8b02670d72deb6edf7bc616986ca412d72c306b36a0"
            ],
            "markers": "python_version >= '3.6'",
            "version": "==1.13.0"
        },
        "django-environ": {
            "hashes": [
                "sha256:42593bee519a527602a467c7b682aee1a051c2597f98c45f4f4f44169ecdb6e5",
                "sha256:6f0bc902b43891656b20486938cba0861dc62892784a44919170719572a534cb"
            ],
            "index": "pypi",
            "version": "==0.8.1"
        },
        "pytz": {
            "hashes": [
                "sha256:3672058bc3453457b622aab7a1c3bfd5ab0bdae451512f6cf25f64ed37f5b87c",
                "sha256:acad2d8b20a1af07d4e4c9d2e9285c5ed9104354062f275f3fcd88dcef4f1326"
            ],
            "version": "==2021.3"
        },
        "sqlparse": {
            "hashes": [
                "sha256:0c00730c74263a94e5a9919ade150dfc3b19c574389985446148402998287dae",
                "sha256:48719e356bb8b42991bdbb1e8b83223757b93789c00910a616a071910ca4a64d"
            ],
            "markers": "python_version >= '3.5'",
            "version": "==0.4.2"
        }
    },
    "develop": {}
}
